lockfileVersion: 5.4

specifiers:
  vitepress: ^0.22.4

devDependencies:
  vitepress: registry.npmmirror.com/vitepress/0.22.4

packages:

  registry.npmmirror.com/@algolia/autocomplete-core/1.6.3:
    resolution: {integrity: sha512-dqQqRt01fX3YuVFrkceHsoCnzX0bLhrrg8itJI1NM68KjrPYQPYsE+kY8EZTCM4y8VDnhqJErR73xe/ZsV+qAA==, registry: https://packages.aliyun.com/5fbf0736feb86b450c199a0f/npm/npm-registry/, tarball: https://registry.npmmirror.com/@algolia/autocomplete-core/-/autocomplete-core-1.6.3.tgz}
    name: '@algolia/autocomplete-core'
    version: 1.6.3
    dependencies:
      '@algolia/autocomplete-shared': registry.npmmirror.com/@algolia/autocomplete-shared/1.6.3
    dev: true

  registry.npmmirror.com/@algolia/autocomplete-shared/1.6.3:
    resolution: {integrity: sha512-UV46bnkTztyADFaETfzFC5ryIdGVb2zpAoYgu0tfcuYWjhg1KbLXveFffZIrGVoboqmAk1b+jMrl6iCja1i3lg==, registry: https://packages.aliyun.com/5fbf0736feb86b450c199a0f/npm/npm-registry/, tarball: https://registry.npmmirror.com/@algolia/autocomplete-shared/-/autocomplete-shared-1.6.3.tgz}
    name: '@algolia/autocomplete-shared'
    version: 1.6.3
    dev: true

  registry.npmmirror.com/@algolia/cache-browser-local-storage/4.13.1:
    resolution: {integrity: sha512-UAUVG2PEfwd/FfudsZtYnidJ9eSCpS+LW9cQiesePQLz41NAcddKxBak6eP2GErqyFagSlnVXe/w2E9h2m2ttg==, registry: https://packages.aliyun.com/5fbf0736feb86b450c199a0f/npm/npm-registry/, tarball: https://registry.npmmirror.com/@algolia/cache-browser-local-storage/-/cache-browser-local-storage-4.13.1.tgz}
    name: '@algolia/cache-browser-local-storage'
    version: 4.13.1
    dependencies:
      '@algolia/cache-common': registry.npmmirror.com/@algolia/cache-common/4.13.1
    dev: true

  registry.npmmirror.com/@algolia/cache-common/4.13.1:
    resolution: {integrity: sha512-7Vaf6IM4L0Jkl3sYXbwK+2beQOgVJ0mKFbz/4qSxKd1iy2Sp77uTAazcX+Dlexekg1fqGUOSO7HS4Sx47ZJmjA==, registry: https://packages.aliyun.com/5fbf0736feb86b450c199a0f/npm/npm-registry/, tarball: https://registry.npmmirror.com/@algolia/cache-common/-/cache-common-4.13.1.tgz}
    name: '@algolia/cache-common'
    version: 4.13.1
    dev: true

  registry.npmmirror.com/@algolia/cache-in-memory/4.13.1:
    resolution: {integrity: sha512-pZzybCDGApfA/nutsFK1P0Sbsq6fYJU3DwIvyKg4pURerlJM4qZbB9bfLRef0FkzfQu7W11E4cVLCIOWmyZeuQ==, registry: https://packages.aliyun.com/5fbf0736feb86b450c199a0f/npm/npm-registry/, tarball: https://registry.npmmirror.com/@algolia/cache-in-memory/-/cache-in-memory-4.13.1.tgz}
    name: '@algolia/cache-in-memory'
    version: 4.13.1
    dependencies:
      '@algolia/cache-common': registry.npmmirror.com/@algolia/cache-common/4.13.1
    dev: true

  registry.npmmirror.com/@algolia/client-account/4.13.1:
    resolution: {integrity: sha512-TFLiZ1KqMiir3FNHU+h3b0MArmyaHG+eT8Iojio6TdpeFcAQ1Aiy+2gb3SZk3+pgRJa/BxGmDkRUwE5E/lv3QQ==, registry: https://packages.aliyun.com/5fbf0736feb86b450c199a0f/npm/npm-registry/, tarball: https://registry.npmmirror.com/@algolia/client-account/-/client-account-4.13.1.tgz}
    name: '@algolia/client-account'
    version: 4.13.1
    dependencies:
      '@algolia/client-common': registry.npmmirror.com/@algolia/client-common/4.13.1
      '@algolia/client-search': registry.npmmirror.com/@algolia/client-search/4.13.1
      '@algolia/transporter': registry.npmmirror.com/@algolia/transporter/4.13.1
    dev: true

  registry.npmmirror.com/@algolia/client-analytics/4.13.1:
    resolution: {integrity: sha512-iOS1JBqh7xaL5x00M5zyluZ9+9Uy9GqtYHv/2SMuzNW1qP7/0doz1lbcsP3S7KBbZANJTFHUOfuqyRLPk91iFA==, registry: https://packages.aliyun.com/5fbf0736feb86b450c199a0f/npm/npm-registry/, tarball: https://registry.npmmirror.com/@algolia/client-analytics/-/client-analytics-4.13.1.tgz}
    name: '@algolia/client-analytics'
    version: 4.13.1
    dependencies:
      '@algolia/client-common': registry.npmmirror.com/@algolia/client-common/4.13.1
      '@algolia/client-search': registry.npmmirror.com/@algolia/client-search/4.13.1
      '@algolia/requester-common': registry.npmmirror.com/@algolia/requester-common/4.13.1
      '@algolia/transporter': registry.npmmirror.com/@algolia/transporter/4.13.1
    dev: true

  registry.npmmirror.com/@algolia/client-common/4.13.1:
    resolution: {integrity: sha512-LcDoUE0Zz3YwfXJL6lJ2OMY2soClbjrrAKB6auYVMNJcoKZZ2cbhQoFR24AYoxnGUYBER/8B+9sTBj5bj/Gqbg==, registry: https://packages.aliyun.com/5fbf0736feb86b450c199a0f/npm/npm-registry/, tarball: https://registry.npmmirror.com/@algolia/client-common/-/client-common-4.13.1.tgz}
    name: '@algolia/client-common'
    version: 4.13.1
    dependencies:
      '@algolia/requester-common': registry.npmmirror.com/@algolia/requester-common/4.13.1
      '@algolia/transporter': registry.npmmirror.com/@algolia/transporter/4.13.1
    dev: true

  registry.npmmirror.com/@algolia/client-personalization/4.13.1:
    resolution: {integrity: sha512-1CqrOW1ypVrB4Lssh02hP//YxluoIYXAQCpg03L+/RiXJlCs+uIqlzC0ctpQPmxSlTK6h07kr50JQoYH/TIM9w==, registry: https://packages.aliyun.com/5fbf0736feb86b450c199a0f/npm/npm-registry/, tarball: https://registry.npmmirror.com/@algolia/client-personalization/-/client-personalization-4.13.1.tgz}
    name: '@algolia/client-personalization'
    version: 4.13.1
    dependencies:
      '@algolia/client-common': registry.npmmirror.com/@algolia/client-common/4.13.1
      '@algolia/requester-common': registry.npmmirror.com/@algolia/requester-common/4.13.1
      '@algolia/transporter': registry.npmmirror.com/@algolia/transporter/4.13.1
    dev: true

  registry.npmmirror.com/@algolia/client-search/4.13.1:
    resolution: {integrity: sha512-YQKYA83MNRz3FgTNM+4eRYbSmHi0WWpo019s5SeYcL3HUan/i5R09VO9dk3evELDFJYciiydSjbsmhBzbpPP2A==, registry: https://packages.aliyun.com/5fbf0736feb86b450c199a0f/npm/npm-registry/, tarball: https://registry.npmmirror.com/@algolia/client-search/-/client-search-4.13.1.tgz}
    name: '@algolia/client-search'
    version: 4.13.1
    dependencies:
      '@algolia/client-common': registry.npmmirror.com/@algolia/client-common/4.13.1
      '@algolia/requester-common': registry.npmmirror.com/@algolia/requester-common/4.13.1
      '@algolia/transporter': registry.npmmirror.com/@algolia/transporter/4.13.1
    dev: true

  registry.npmmirror.com/@algolia/logger-common/4.13.1:
    resolution: {integrity: sha512-L6slbL/OyZaAXNtS/1A8SAbOJeEXD5JcZeDCPYDqSTYScfHu+2ePRTDMgUTY4gQ7HsYZ39N1LujOd8WBTmM2Aw==, registry: https://packages.aliyun.com/5fbf0736feb86b450c199a0f/npm/npm-registry/, tarball: https://registry.npmmirror.com/@algolia/logger-common/-/logger-common-4.13.1.tgz}
    name: '@algolia/logger-common'
    version: 4.13.1
    dev: true

  registry.npmmirror.com/@algolia/logger-console/4.13.1:
    resolution: {integrity: sha512-7jQOTftfeeLlnb3YqF8bNgA2GZht7rdKkJ31OCeSH2/61haO0tWPoNRjZq9XLlgMQZH276pPo0NdiArcYPHjCA==, registry: https://packages.aliyun.com/5fbf0736feb86b450c199a0f/npm/npm-registry/, tarball: https://registry.npmmirror.com/@algolia/logger-console/-/logger-console-4.13.1.tgz}
    name: '@algolia/logger-console'
    version: 4.13.1
    dependencies:
      '@algolia/logger-common': registry.npmmirror.com/@algolia/logger-common/4.13.1
    dev: true

  registry.npmmirror.com/@algolia/requester-browser-xhr/4.13.1:
    resolution: {integrity: sha512-oa0CKr1iH6Nc7CmU6RE7TnXMjHnlyp7S80pP/LvZVABeJHX3p/BcSCKovNYWWltgTxUg0U1o+2uuy8BpMKljwA==, registry: https://packages.aliyun.com/5fbf0736feb86b450c199a0f/npm/npm-registry/, tarball: https://registry.npmmirror.com/@algolia/requester-browser-xhr/-/requester-browser-xhr-4.13.1.tgz}
    name: '@algolia/requester-browser-xhr'
    version: 4.13.1
    dependencies:
      '@algolia/requester-common': registry.npmmirror.com/@algolia/requester-common/4.13.1
    dev: true

  registry.npmmirror.com/@algolia/requester-common/4.13.1:
    resolution: {integrity: sha512-eGVf0ID84apfFEuXsaoSgIxbU3oFsIbz4XiotU3VS8qGCJAaLVUC5BUJEkiFENZIhon7hIB4d0RI13HY4RSA+w==, registry: https://packages.aliyun.com/5fbf0736feb86b450c199a0f/npm/npm-registry/, tarball: https://registry.npmmirror.com/@algolia/requester-common/-/requester-common-4.13.1.tgz}
    name: '@algolia/requester-common'
    version: 4.13.1
    dev: true

  registry.npmmirror.com/@algolia/requester-node-http/4.13.1:
    resolution: {integrity: sha512-7C0skwtLdCz5heKTVe/vjvrqgL/eJxmiEjHqXdtypcE5GCQCYI15cb+wC4ytYioZDMiuDGeVYmCYImPoEgUGPw==, registry: https://packages.aliyun.com/5fbf0736feb86b450c199a0f/npm/npm-registry/, tarball: https://registry.npmmirror.com/@algolia/requester-node-http/-/requester-node-http-4.13.1.tgz}
    name: '@algolia/requester-node-http'
    version: 4.13.1
    dependencies:
      '@algolia/requester-common': registry.npmmirror.com/@algolia/requester-common/4.13.1
    dev: true

  registry.npmmirror.com/@algolia/transporter/4.13.1:
    resolution: {integrity: sha512-pICnNQN7TtrcYJqqPEXByV8rJ8ZRU2hCiIKLTLRyNpghtQG3VAFk6fVtdzlNfdUGZcehSKGarPIZEHlQXnKjgw==, registry: https://packages.aliyun.com/5fbf0736feb86b450c199a0f/npm/npm-registry/, tarball: https://registry.npmmirror.com/@algolia/transporter/-/transporter-4.13.1.tgz}
    name: '@algolia/transporter'
    version: 4.13.1
    dependencies:
      '@algolia/cache-common': registry.npmmirror.com/@algolia/cache-common/4.13.1
      '@algolia/logger-common': registry.npmmirror.com/@algolia/logger-common/4.13.1
      '@algolia/requester-common': registry.npmmirror.com/@algolia/requester-common/4.13.1
    dev: true

  registry.npmmirror.com/@babel/helper-validator-identifier/7.16.7:
    resolution: {integrity: sha512-hsEnFemeiW4D08A5gUAZxLBTXpZ39P+a+DGDsHw1yxqyQ/jzFEnxf5uTEGp+3bzAbNOxU1paTgYS4ECU/IgfDw==, registry: https://packages.aliyun.com/5fbf0736feb86b450c199a0f/npm/npm-registry/, tarball: https://registry.npmmirror.com/@babel/helper-validator-identifier/-/helper-validator-identifier-7.16.7.tgz}
    name: '@babel/helper-validator-identifier'
    version: 7.16.7
    engines: {node: '>=6.9.0'}
    dev: true

  registry.npmmirror.com/@babel/parser/7.18.3:
    resolution: {integrity: sha512-rL50YcEuHbbauAFAysNsJA4/f89fGTOBRNs9P81sniKnKAr4xULe5AecolcsKbi88xu0ByWYDj/S1AJ3FSFuSQ==, registry: https://packages.aliyun.com/5fbf0736feb86b450c199a0f/npm/npm-registry/, tarball: https://registry.npmmirror.com/@babel/parser/-/parser-7.18.3.tgz}
    name: '@babel/parser'
    version: 7.18.3
    engines: {node: '>=6.0.0'}
    hasBin: true
    dependencies:
      '@babel/types': registry.npmmirror.com/@babel/types/7.18.2
    dev: true

  registry.npmmirror.com/@babel/types/7.18.2:
    resolution: {integrity: sha512-0On6B8A4/+mFUto5WERt3EEuG1NznDirvwca1O8UwXQHVY8g3R7OzYgxXdOfMwLO08UrpUD/2+3Bclyq+/C94Q==, registry: https://packages.aliyun.com/5fbf0736feb86b450c199a0f/npm/npm-registry/, tarball: https://registry.npmmirror.com/@babel/types/-/types-7.18.2.tgz}
    name: '@babel/types'
    version: 7.18.2
    engines: {node: '>=6.9.0'}
    dependencies:
      '@babel/helper-validator-identifier': registry.npmmirror.com/@babel/helper-validator-identifier/7.16.7
      to-fast-properties: registry.npmmirror.com/to-fast-properties/2.0.0
    dev: true

  registry.npmmirror.com/@docsearch/css/3.1.0:
    resolution: {integrity: sha512-bh5IskwkkodbvC0FzSg1AxMykfDl95hebEKwxNoq4e5QaGzOXSBgW8+jnMFZ7JU4sTBiB04vZWoUSzNrPboLZA==, registry: https://packages.aliyun.com/5fbf0736feb86b450c199a0f/npm/npm-registry/, tarball: https://registry.npmmirror.com/@docsearch/css/-/css-3.1.0.tgz}
    name: '@docsearch/css'
    version: 3.1.0
    dev: true

  registry.npmmirror.com/@docsearch/js/3.1.0:
    resolution: {integrity: sha512-5XSK+xbP0hcTIp54MECqxkWLs6kf7Ug4nWdxWNtx8cUpLiFNFnKXDxCb35wnyNpjukmrx7Q9DkO5tFFsmNVxng==, registry: https://packages.aliyun.com/5fbf0736feb86b450c199a0f/npm/npm-registry/, tarball: https://registry.npmmirror.com/@docsearch/js/-/js-3.1.0.tgz}
    name: '@docsearch/js'
    version: 3.1.0
    dependencies:
      '@docsearch/react': registry.npmmirror.com/@docsearch/react/3.1.0
      preact: registry.npmmirror.com/preact/10.7.2
    dev: true

  registry.npmmirror.com/@docsearch/react/3.1.0:
    resolution: {integrity: sha512-bjB6ExnZzf++5B7Tfoi6UXgNwoUnNOfZ1NyvnvPhWgCMy5V/biAtLL4o7owmZSYdAKeFSvZ5Lxm0is4su/dBWg==, registry: https://packages.aliyun.com/5fbf0736feb86b450c199a0f/npm/npm-registry/, tarball: https://registry.npmmirror.com/@docsearch/react/-/react-3.1.0.tgz}
    name: '@docsearch/react'
    version: 3.1.0
    dependencies:
      '@algolia/autocomplete-core': registry.npmmirror.com/@algolia/autocomplete-core/1.6.3
      '@docsearch/css': registry.npmmirror.com/@docsearch/css/3.1.0
      algoliasearch: registry.npmmirror.com/algoliasearch/4.13.1
    dev: true

  registry.npmmirror.com/@vitejs/plugin-vue/2.3.3:
    resolution: {integrity: sha512-SmQLDyhz+6lGJhPELsBdzXGc+AcaT8stgkbiTFGpXPe8Tl1tJaBw1A6pxDqDuRsVkD8uscrkx3hA7QDOoKYtyw==, registry: https://packages.aliyun.com/5fbf0736feb86b450c199a0f/npm/npm-registry/, tarball: https://registry.npmmirror.com/@vitejs/plugin-vue/-/plugin-vue-2.3.3.tgz}
    name: '@vitejs/plugin-vue'
    version: 2.3.3
    engines: {node: '>=12.0.0'}
    dev: true

  registry.npmmirror.com/@vue/compiler-core/3.2.36:
    resolution: {integrity: sha512-bbyZM5hvBicv0PW3KUfVi+x3ylHnfKG7DOn5wM+f2OztTzTjLEyBb/5yrarIYpmnGitVGbjZqDbODyW4iK8hqw==, registry: https://packages.aliyun.com/5fbf0736feb86b450c199a0f/npm/npm-registry/, tarball: https://registry.npmmirror.com/@vue/compiler-core/-/compiler-core-3.2.36.tgz}
    name: '@vue/compiler-core'
    version: 3.2.36
    dependencies:
      '@babel/parser': registry.npmmirror.com/@babel/parser/7.18.3
      '@vue/shared': registry.npmmirror.com/@vue/shared/3.2.36
      estree-walker: registry.npmmirror.com/estree-walker/2.0.2
      source-map: registry.npmmirror.com/source-map/0.6.1
    dev: true

  registry.npmmirror.com/@vue/compiler-dom/3.2.36:
    resolution: {integrity: sha512-tcOTAOiW4s24QLnq+ON6J+GRONXJ+A/mqKCORi0LSlIh8XQlNnlm24y8xIL8la+ZDgkdbjarQ9ZqYSvEja6gVA==, registry: https://packages.aliyun.com/5fbf0736feb86b450c199a0f/npm/npm-registry/, tarball: https://registry.npmmirror.com/@vue/compiler-dom/-/compiler-dom-3.2.36.tgz}
    name: '@vue/compiler-dom'
    version: 3.2.36
    dependencies:
      '@vue/compiler-core': registry.npmmirror.com/@vue/compiler-core/3.2.36
      '@vue/shared': registry.npmmirror.com/@vue/shared/3.2.36
    dev: true

  registry.npmmirror.com/@vue/compiler-sfc/3.2.36:
    resolution: {integrity: sha512-AvGb4bTj4W8uQ4BqaSxo7UwTEqX5utdRSMyHy58OragWlt8nEACQ9mIeQh3K4di4/SX+41+pJrLIY01lHAOFOA==, registry: https://packages.aliyun.com/5fbf0736feb86b450c199a0f/npm/npm-registry/, tarball: https://registry.npmmirror.com/@vue/compiler-sfc/-/compiler-sfc-3.2.36.tgz}
    name: '@vue/compiler-sfc'
    version: 3.2.36
    dependencies:
      '@babel/parser': registry.npmmirror.com/@babel/parser/7.18.3
      '@vue/compiler-core': registry.npmmirror.com/@vue/compiler-core/3.2.36
      '@vue/compiler-dom': registry.npmmirror.com/@vue/compiler-dom/3.2.36
      '@vue/compiler-ssr': registry.npmmirror.com/@vue/compiler-ssr/3.2.36
      '@vue/reactivity-transform': registry.npmmirror.com/@vue/reactivity-transform/3.2.36
      '@vue/shared': registry.npmmirror.com/@vue/shared/3.2.36
      estree-walker: registry.npmmirror.com/estree-walker/2.0.2
      magic-string: registry.npmmirror.com/magic-string/0.25.9
      postcss: registry.npmmirror.com/postcss/8.4.14
      source-map: registry.npmmirror.com/source-map/0.6.1
    dev: true

  registry.npmmirror.com/@vue/compiler-ssr/3.2.36:
    resolution: {integrity: sha512-+KugInUFRvOxEdLkZwE+W43BqHyhBh0jpYXhmqw1xGq2dmE6J9eZ8UUSOKNhdHtQ/iNLWWeK/wPZkVLUf3YGaw==, registry: https://packages.aliyun.com/5fbf0736feb86b450c199a0f/npm/npm-registry/, tarball: https://registry.npmmirror.com/@vue/compiler-ssr/-/compiler-ssr-3.2.36.tgz}
    name: '@vue/compiler-ssr'
    version: 3.2.36
    dependencies:
      '@vue/compiler-dom': registry.npmmirror.com/@vue/compiler-dom/3.2.36
      '@vue/shared': registry.npmmirror.com/@vue/shared/3.2.36
    dev: true

  registry.npmmirror.com/@vue/reactivity-transform/3.2.36:
    resolution: {integrity: sha512-Jk5o2BhpODC9XTA7o4EL8hSJ4JyrFWErLtClG3NH8wDS7ri9jBDWxI7/549T7JY9uilKsaNM+4pJASLj5dtRwA==, registry: https://packages.aliyun.com/5fbf0736feb86b450c199a0f/npm/npm-registry/, tarball: https://registry.npmmirror.com/@vue/reactivity-transform/-/reactivity-transform-3.2.36.tgz}
    name: '@vue/reactivity-transform'
    version: 3.2.36
    dependencies:
      '@babel/parser': registry.npmmirror.com/@babel/parser/7.18.3
      '@vue/compiler-core': registry.npmmirror.com/@vue/compiler-core/3.2.36
      '@vue/shared': registry.npmmirror.com/@vue/shared/3.2.36
      estree-walker: registry.npmmirror.com/estree-walker/2.0.2
      magic-string: registry.npmmirror.com/magic-string/0.25.9
    dev: true

  registry.npmmirror.com/@vue/reactivity/3.2.36:
    resolution: {integrity: sha512-c2qvopo0crh9A4GXi2/2kfGYMxsJW4tVILrqRPydVGZHhq0fnzy6qmclWOhBFckEhmyxmpHpdJtIRYGeKcuhnA==, registry: https://packages.aliyun.com/5fbf0736feb86b450c199a0f/npm/npm-registry/, tarball: https://registry.npmmirror.com/@vue/reactivity/-/reactivity-3.2.36.tgz}
    name: '@vue/reactivity'
    version: 3.2.36
    dependencies:
      '@vue/shared': registry.npmmirror.com/@vue/shared/3.2.36
    dev: true

  registry.npmmirror.com/@vue/runtime-core/3.2.36:
    resolution: {integrity: sha512-PTWBD+Lub+1U3/KhbCExrfxyS14hstLX+cBboxVHaz+kXoiDLNDEYAovPtxeTutbqtClIXtft+wcGdC+FUQ9qQ==, registry: https://packages.aliyun.com/5fbf0736feb86b450c199a0f/npm/npm-registry/, tarball: https://registry.npmmirror.com/@vue/runtime-core/-/runtime-core-3.2.36.tgz}
    name: '@vue/runtime-core'
    version: 3.2.36
    dependencies:
      '@vue/reactivity': registry.npmmirror.com/@vue/reactivity/3.2.36
      '@vue/shared': registry.npmmirror.com/@vue/shared/3.2.36
    dev: true

  registry.npmmirror.com/@vue/runtime-dom/3.2.36:
    resolution: {integrity: sha512-gYPYblm7QXHVuBohqNRRT7Wez0f2Mx2D40rb4fleehrJU9CnkjG0phhcGEZFfGwCmHZRqBCRgbFWE98bPULqkg==, registry: https://packages.aliyun.com/5fbf0736feb86b450c199a0f/npm/npm-registry/, tarball: https://registry.npmmirror.com/@vue/runtime-dom/-/runtime-dom-3.2.36.tgz}
    name: '@vue/runtime-dom'
    version: 3.2.36
    dependencies:
      '@vue/runtime-core': registry.npmmirror.com/@vue/runtime-core/3.2.36
      '@vue/shared': registry.npmmirror.com/@vue/shared/3.2.36
      csstype: registry.npmmirror.com/csstype/2.6.20
    dev: true

  registry.npmmirror.com/@vue/server-renderer/3.2.36:
    resolution: {integrity: sha512-uZE0+jfye6yYXWvAQYeHZv+f50sRryvy16uiqzk3jn8hEY8zTjI+rzlmZSGoE915k+W/Ol9XSw6vxOUD8dGkUg==, registry: https://packages.aliyun.com/5fbf0736feb86b450c199a0f/npm/npm-registry/, tarball: https://registry.npmmirror.com/@vue/server-renderer/-/server-renderer-3.2.36.tgz}
    name: '@vue/server-renderer'
    version: 3.2.36
    dependencies:
      '@vue/compiler-ssr': registry.npmmirror.com/@vue/compiler-ssr/3.2.36
      '@vue/shared': registry.npmmirror.com/@vue/shared/3.2.36
    dev: true

  registry.npmmirror.com/@vue/shared/3.2.36:
    resolution: {integrity: sha512-JtB41wXl7Au3+Nl3gD16Cfpj7k/6aCroZ6BbOiCMFCMvrOpkg/qQUXTso2XowaNqBbnkuGHurLAqkLBxNGc1hQ==, registry: https://packages.aliyun.com/5fbf0736feb86b450c199a0f/npm/npm-registry/, tarball: https://registry.npmmirror.com/@vue/shared/-/shared-3.2.36.tgz}
    name: '@vue/shared'
    version: 3.2.36
    dev: true

  registry.npmmirror.com/algoliasearch/4.13.1:
    resolution: {integrity: sha512-dtHUSE0caWTCE7liE1xaL+19AFf6kWEcyn76uhcitWpntqvicFHXKFoZe5JJcv9whQOTRM6+B8qJz6sFj+rDJA==, registry: https://packages.aliyun.com/5fbf0736feb86b450c199a0f/npm/npm-registry/, tarball: https://registry.npmmirror.com/algoliasearch/-/algoliasearch-4.13.1.tgz}
    name: algoliasearch
    version: 4.13.1
    dependencies:
      '@algolia/cache-browser-local-storage': registry.npmmirror.com/@algolia/cache-browser-local-storage/4.13.1
      '@algolia/cache-common': registry.npmmirror.com/@algolia/cache-common/4.13.1
      '@algolia/cache-in-memory': registry.npmmirror.com/@algolia/cache-in-memory/4.13.1
      '@algolia/client-account': registry.npmmirror.com/@algolia/client-account/4.13.1
      '@algolia/client-analytics': registry.npmmirror.com/@algolia/client-analytics/4.13.1
      '@algolia/client-common': registry.npmmirror.com/@algolia/client-common/4.13.1
      '@algolia/client-personalization': registry.npmmirror.com/@algolia/client-personalization/4.13.1
      '@algolia/client-search': registry.npmmirror.com/@algolia/client-search/4.13.1
      '@algolia/logger-common': registry.npmmirror.com/@algolia/logger-common/4.13.1
      '@algolia/logger-console': registry.npmmirror.com/@algolia/logger-console/4.13.1
      '@algolia/requester-browser-xhr': registry.npmmirror.com/@algolia/requester-browser-xhr/4.13.1
      '@algolia/requester-common': registry.npmmirror.com/@algolia/requester-common/4.13.1
      '@algolia/requester-node-http': registry.npmmirror.com/@algolia/requester-node-http/4.13.1
      '@algolia/transporter': registry.npmmirror.com/@algolia/transporter/4.13.1
    dev: true

  registry.npmmirror.com/csstype/2.6.20:
    resolution: {integrity: sha512-/WwNkdXfckNgw6S5R125rrW8ez139lBHWouiBvX8dfMFtcn6V81REDqnH7+CRpRipfYlyU1CmOnOxrmGcFOjeA==, registry: https://packages.aliyun.com/5fbf0736feb86b450c199a0f/npm/npm-registry/, tarball: https://registry.npmmirror.com/csstype/-/csstype-2.6.20.tgz}
    name: csstype
    version: 2.6.20
    dev: true

  registry.npmmirror.com/esbuild-android-64/0.14.41:
    resolution: {integrity: sha512-byyo8LPOGHzAqxbwh2Q72d7L+rXXTsr/KALjsiCySrJ60CGMe80i3bwoQ+WODxsGaH08R//yg5oc7xHKgQz4uw==, registry: https://packages.aliyun.com/5fbf0736feb86b450c199a0f/npm/npm-registry/, tarball: https://registry.npmmirror.com/esbuild-android-64/-/esbuild-android-64-0.14.41.tgz}
    name: esbuild-android-64
    version: 0.14.41
    engines: {node: '>=12'}
    requiresBuild: true
    dev: true
    optional: true

  registry.npmmirror.com/esbuild-android-arm64/0.14.41:
    resolution: {integrity: sha512-7koo9Dm/mwK4M8PGQX8JQRc4UQ4Wj7DT1nD4BQkVs2jxtHbYOlnsQH0fneKSXZVmnBIHYcntr/e1VU5gnYLvGQ==, registry: https://packages.aliyun.com/5fbf0736feb86b450c199a0f/npm/npm-registry/, tarball: https://registry.npmmirror.com/esbuild-android-arm64/-/esbuild-android-arm64-0.14.41.tgz}
    name: esbuild-android-arm64
    version: 0.14.41
    engines: {node: '>=12'}
    requiresBuild: true
    dev: true
    optional: true

  registry.npmmirror.com/esbuild-darwin-64/0.14.41:
    resolution: {integrity: sha512-kW8fC2auh9jjmBXudTmlMfbBCMYMuujhxG40CxMhKiQ8NLBK4RU9yUYY6ss7QJp24kVTtKd4IvfwOio9SE53MA==, registry: https://packages.aliyun.com/5fbf0736feb86b450c199a0f/npm/npm-registry/, tarball: https://registry.npmmirror.com/esbuild-darwin-64/-/esbuild-darwin-64-0.14.41.tgz}
    name: esbuild-darwin-64
    version: 0.14.41
    engines: {node: '>=12'}
    requiresBuild: true
    dev: true
    optional: true

  registry.npmmirror.com/esbuild-darwin-arm64/0.14.41:
    resolution: {integrity: sha512-cO0EPkiQt0bERH9sZFIoTywWfGhEpshdpvQpDfLh/ZJLeioQfaarM9YDrmID+f7k77djh0mdyfsC6XpS0HlLsw==, registry: https://packages.aliyun.com/5fbf0736feb86b450c199a0f/npm/npm-registry/, tarball: https://registry.npmmirror.com/esbuild-darwin-arm64/-/esbuild-darwin-arm64-0.14.41.tgz}
    name: esbuild-darwin-arm64
    version: 0.14.41
    engines: {node: '>=12'}
    requiresBuild: true
    dev: true
    optional: true

  registry.npmmirror.com/esbuild-freebsd-64/0.14.41:
    resolution: {integrity: sha512-6tsMDK6b7czCOjsr68BgVogFXcTCWL3T7yFXRFuAmXwY9ybYgX8sybD7ztrRB03dLAPeMxHo+PzeMD6LdVrLdQ==, registry: https://packages.aliyun.com/5fbf0736feb86b450c199a0f/npm/npm-registry/, tarball: https://registry.npmmirror.com/esbuild-freebsd-64/-/esbuild-freebsd-64-0.14.41.tgz}
    name: esbuild-freebsd-64
    version: 0.14.41
    engines: {node: '>=12'}
    requiresBuild: true
    dev: true
    optional: true

  registry.npmmirror.com/esbuild-freebsd-arm64/0.14.41:
    resolution: {integrity: sha512-AQ2S/VCLKVBe/+HNiFLyp3w9i7AEtCOWEzKHSkfHk0VO5bPzHd7WJfWmj1Bxliu7vdPESbiDUTJIH3rDt4bzSA==, registry: https://packages.aliyun.com/5fbf0736feb86b450c199a0f/npm/npm-registry/, tarball: https://registry.npmmirror.com/esbuild-freebsd-arm64/-/esbuild-freebsd-arm64-0.14.41.tgz}
    name: esbuild-freebsd-arm64
    version: 0.14.41
    engines: {node: '>=12'}
    requiresBuild: true
    dev: true
    optional: true

  registry.npmmirror.com/esbuild-linux-32/0.14.41:
    resolution: {integrity: sha512-sb7Kah5Px6BNZ6gzm0nJLuDeAJKbIlaKIoI9zgZ5dFDxZSn91TMAHJz5W39YDJ8+ZaGJYIdqZSpDo+4G769mZw==, registry: https://packages.aliyun.com/5fbf0736feb86b450c199a0f/npm/npm-registry/, tarball: https://registry.npmmirror.com/esbuild-linux-32/-/esbuild-linux-32-0.14.41.tgz}
    name: esbuild-linux-32
    version: 0.14.41
    engines: {node: '>=12'}
    requiresBuild: true
    dev: true
    optional: true

  registry.npmmirror.com/esbuild-linux-64/0.14.41:
    resolution: {integrity: sha512-PeI0bfbv+5ondZRhPRszptp3RQRRAPxpOB2CYDphKske5+UlCXPi4Af+T++OqhV5TEpymTfxJdJQ1sn1w32coA==, registry: https://packages.aliyun.com/5fbf0736feb86b450c199a0f/npm/npm-registry/, tarball: https://registry.npmmirror.com/esbuild-linux-64/-/esbuild-linux-64-0.14.41.tgz}
    name: esbuild-linux-64
    version: 0.14.41
    engines: {node: '>=12'}
    requiresBuild: true
    dev: true
    optional: true

  registry.npmmirror.com/esbuild-linux-arm/0.14.41:
    resolution: {integrity: sha512-8DQ6Sv3XNwgu0cnPA3q+kJSqfOYLDqWzpW8dPF+/Or23bS/5EIT/CzN73uIhR8A3AokXIczn88VKti7Xtv+V2g==, registry: https://packages.aliyun.com/5fbf0736feb86b450c199a0f/npm/npm-registry/, tarball: https://registry.npmmirror.com/esbuild-linux-arm/-/esbuild-linux-arm-0.14.41.tgz}
    name: esbuild-linux-arm
    version: 0.14.41
    engines: {node: '>=12'}
    requiresBuild: true
    dev: true
    optional: true

  registry.npmmirror.com/esbuild-linux-arm64/0.14.41:
    resolution: {integrity: sha512-aAhBX6kVG8hTVuANE90ORobioHdpZLzy8Fibf4XBuG4IuJfjgM5N4wFIq2Tpd+Ykit432PL/YOQhZ4W6nVc4cQ==, registry: https://packages.aliyun.com/5fbf0736feb86b450c199a0f/npm/npm-registry/, tarball: https://registry.npmmirror.com/esbuild-linux-arm64/-/esbuild-linux-arm64-0.14.41.tgz}
    name: esbuild-linux-arm64
    version: 0.14.41
    engines: {node: '>=12'}
    requiresBuild: true
    dev: true
    optional: true

  registry.npmmirror.com/esbuild-linux-mips64le/0.14.41:
    resolution: {integrity: sha512-88xo4FRYQ2laMJnrqZu8j5q531XT/odZnhO5NLWO/NdweIdT8F+QL0fNIBIf+nVkC1d0Psgmt+g35GAODMDl8g==, registry: https://packages.aliyun.com/5fbf0736feb86b450c199a0f/npm/npm-registry/, tarball: https://registry.npmmirror.com/esbuild-linux-mips64le/-/esbuild-linux-mips64le-0.14.41.tgz}
    name: esbuild-linux-mips64le
    version: 0.14.41
    engines: {node: '>=12'}
    requiresBuild: true
    dev: true
    optional: true

  registry.npmmirror.com/esbuild-linux-ppc64le/0.14.41:
    resolution: {integrity: sha512-kJ0r/Cg3LzFzHhbBsvqi/hDPGKMGzFiPGOmUvqTkfVXhRUQtOMkXkyKdP7OEMRb8ctPtnptsZOOXPHRdU0NdJQ==, registry: https://packages.aliyun.com/5fbf0736feb86b450c199a0f/npm/npm-registry/, tarball: https://registry.npmmirror.com/esbuild-linux-ppc64le/-/esbuild-linux-ppc64le-0.14.41.tgz}
    name: esbuild-linux-ppc64le
    version: 0.14.41
    engines: {node: '>=12'}
    requiresBuild: true
    dev: true
    optional: true

  registry.npmmirror.com/esbuild-linux-riscv64/0.14.41:
    resolution: {integrity: sha512-ZJ7d/qFRx14J3aP75ccrFSZyuYZ1hu8IVfwVqyQg4jQFgNME2FMz7pZMskBJ0fSW8QcYUnN3RubFXWijyjKUug==, registry: https://packages.aliyun.com/5fbf0736feb86b450c199a0f/npm/npm-registry/, tarball: https://registry.npmmirror.com/esbuild-linux-riscv64/-/esbuild-linux-riscv64-0.14.41.tgz}
    name: esbuild-linux-riscv64
    version: 0.14.41
    engines: {node: '>=12'}
    requiresBuild: true
    dev: true
    optional: true

  registry.npmmirror.com/esbuild-linux-s390x/0.14.41:
    resolution: {integrity: sha512-xeWAEZt1jAfYkYuyIUuHKpH/oj7O862Je5HTH9E+4sEfoOnZaAmFrisbXjGDKXjMRKYscFlM8wXdNBmiqQlT8g==, registry: https://packages.aliyun.com/5fbf0736feb86b450c199a0f/npm/npm-registry/, tarball: https://registry.npmmirror.com/esbuild-linux-s390x/-/esbuild-linux-s390x-0.14.41.tgz}
    name: esbuild-linux-s390x
    version: 0.14.41
    engines: {node: '>=12'}
    requiresBuild: true
    dev: true
    optional: true

  registry.npmmirror.com/esbuild-netbsd-64/0.14.41:
    resolution: {integrity: sha512-X/UE3Asqy594/atYi/STgYtaMQBJwtZKF0KFFdJTkwb6rtaoHCM1o482iHibgnSK7CicuRhyTZ+cNx4OFqRQAg==, registry: https://packages.aliyun.com/5fbf0736feb86b450c199a0f/npm/npm-registry/, tarball: https://registry.npmmirror.com/esbuild-netbsd-64/-/esbuild-netbsd-64-0.14.41.tgz}
    name: esbuild-netbsd-64
    version: 0.14.41
    engines: {node: '>=12'}
    requiresBuild: true
    dev: true
    optional: true

  registry.npmmirror.com/esbuild-openbsd-64/0.14.41:
    resolution: {integrity: sha512-6m+1dtdO+4KaU3R0UTT82hxWxWpFCjgSHhQl/PKtMmq+CvvxRQDcTwujLC843M7ChGVWNM2q1s6YCwoA0WQ9kw==, registry: https://packages.aliyun.com/5fbf0736feb86b450c199a0f/npm/npm-registry/, tarball: https://registry.npmmirror.com/esbuild-openbsd-64/-/esbuild-openbsd-64-0.14.41.tgz}
    name: esbuild-openbsd-64
    version: 0.14.41
    engines: {node: '>=12'}
    requiresBuild: true
    dev: true
    optional: true

  registry.npmmirror.com/esbuild-sunos-64/0.14.41:
    resolution: {integrity: sha512-p96tTTcE8/WY7A4Udh+fxVUTGL8rIXOpyxyhZiXug+f7DGbjE24PbewqgIBRSDyM7xRUty+1RzqyJz73YIV6yg==, registry: https://packages.aliyun.com/5fbf0736feb86b450c199a0f/npm/npm-registry/, tarball: https://registry.npmmirror.com/esbuild-sunos-64/-/esbuild-sunos-64-0.14.41.tgz}
    name: esbuild-sunos-64
    version: 0.14.41
    engines: {node: '>=12'}
    requiresBuild: true
    dev: true
    optional: true

  registry.npmmirror.com/esbuild-windows-32/0.14.41:
    resolution: {integrity: sha512-jS+/pGyPPzrL8tgcvOxLEatV1QPICghKm13EjEVgkeRftl8X6tqRyFv/9eKutczdD3sklMDOJfivoPD32D46Ww==, registry: https://packages.aliyun.com/5fbf0736feb86b450c199a0f/npm/npm-registry/, tarball: https://registry.npmmirror.com/esbuild-windows-32/-/esbuild-windows-32-0.14.41.tgz}
    name: esbuild-windows-32
    version: 0.14.41
    engines: {node: '>=12'}
    requiresBuild: true
    dev: true
    optional: true

  registry.npmmirror.com/esbuild-windows-64/0.14.41:
    resolution: {integrity: sha512-vLqmKbV8FJ7LFMrT3zEQpojnUUbXyqhRPVGnAYzc0ESY5yAuom4E9tL7KzZ5H8KEuCUf//AvbyxpE+yOcjpyjA==, registry: https://packages.aliyun.com/5fbf0736feb86b450c199a0f/npm/npm-registry/, tarball: https://registry.npmmirror.com/esbuild-windows-64/-/esbuild-windows-64-0.14.41.tgz}
    name: esbuild-windows-64
    version: 0.14.41
    engines: {node: '>=12'}
    requiresBuild: true
    dev: true
    optional: true

  registry.npmmirror.com/esbuild-windows-arm64/0.14.41:
    resolution: {integrity: sha512-TOvj7kRTfpH4GPPmblvuMNf8oNJ3y2h7a6HttanVnc3QLMm5bNFYLSo6TShLOn0SbqFWGJwHIhGhw2JK96aVhg==, registry: https://packages.aliyun.com/5fbf0736feb86b450c199a0f/npm/npm-registry/, tarball: https://registry.npmmirror.com/esbuild-windows-arm64/-/esbuild-windows-arm64-0.14.41.tgz}
    name: esbuild-windows-arm64
    version: 0.14.41
    engines: {node: '>=12'}
    requiresBuild: true
    dev: true
    optional: true

  registry.npmmirror.com/esbuild/0.14.41:
    resolution: {integrity: sha512-uZl2CH5nwayLPi1Unhfk+vBBjD3FDlYQ+v24qAlj2oZMYQP8pFs1k3DK5ViD+keF3JnuV4K7JtqVvBmTDwVEbA==, registry: https://packages.aliyun.com/5fbf0736feb86b450c199a0f/npm/npm-registry/, tarball: https://registry.npmmirror.com/esbuild/-/esbuild-0.14.41.tgz}
    name: esbuild
    version: 0.14.41
    engines: {node: '>=12'}
    hasBin: true
    requiresBuild: true
    optionalDependencies:
      esbuild-android-64: registry.npmmirror.com/esbuild-android-64/0.14.41
      esbuild-android-arm64: registry.npmmirror.com/esbuild-android-arm64/0.14.41
      esbuild-darwin-64: registry.npmmirror.com/esbuild-darwin-64/0.14.41
      esbuild-darwin-arm64: registry.npmmirror.com/esbuild-darwin-arm64/0.14.41
      esbuild-freebsd-64: registry.npmmirror.com/esbuild-freebsd-64/0.14.41
      esbuild-freebsd-arm64: registry.npmmirror.com/esbuild-freebsd-arm64/0.14.41
      esbuild-linux-32: registry.npmmirror.com/esbuild-linux-32/0.14.41
      esbuild-linux-64: registry.npmmirror.com/esbuild-linux-64/0.14.41
      esbuild-linux-arm: registry.npmmirror.com/esbuild-linux-arm/0.14.41
      esbuild-linux-arm64: registry.npmmirror.com/esbuild-linux-arm64/0.14.41
      esbuild-linux-mips64le: registry.npmmirror.com/esbuild-linux-mips64le/0.14.41
      esbuild-linux-ppc64le: registry.npmmirror.com/esbuild-linux-ppc64le/0.14.41
      esbuild-linux-riscv64: registry.npmmirror.com/esbuild-linux-riscv64/0.14.41
      esbuild-linux-s390x: registry.npmmirror.com/esbuild-linux-s390x/0.14.41
      esbuild-netbsd-64: registry.npmmirror.com/esbuild-netbsd-64/0.14.41
      esbuild-openbsd-64: registry.npmmirror.com/esbuild-openbsd-64/0.14.41
      esbuild-sunos-64: registry.npmmirror.com/esbuild-sunos-64/0.14.41
      esbuild-windows-32: registry.npmmirror.com/esbuild-windows-32/0.14.41
      esbuild-windows-64: registry.npmmirror.com/esbuild-windows-64/0.14.41
      esbuild-windows-arm64: registry.npmmirror.com/esbuild-windows-arm64/0.14.41
    dev: true

  registry.npmmirror.com/estree-walker/2.0.2:
    resolution: {integrity: sha512-Rfkk/Mp/DL7JVje3u18FxFujQlTNR2q6QfMSMB7AvCBx91NGj/ba3kCfza0f6dVDbw7YlRf/nDrn7pQrCCyQ/w==, registry: https://packages.aliyun.com/5fbf0736feb86b450c199a0f/npm/npm-registry/, tarball: https://registry.npmmirror.com/estree-walker/-/estree-walker-2.0.2.tgz}
    name: estree-walker
    version: 2.0.2
    dev: true

  registry.npmmirror.com/fsevents/2.3.2:
    resolution: {integrity: sha512-xiqMQR4xAeHTuB9uWm+fFRcIOgKBMiOBP+eXiyT7jsgVCq1bkVygt00oASowB7EdtpOHaaPgKt812P9ab+DDKA==, registry: https://packages.aliyun.com/5fbf0736feb86b450c199a0f/npm/npm-registry/, tarball: https://registry.npmmirror.com/fsevents/-/fsevents-2.3.2.tgz}
    name: fsevents
    version: 2.3.2
    engines: {node: ^8.16.0 || ^10.6.0 || >=11.0.0}
    requiresBuild: true
    dev: true
    optional: true

  registry.npmmirror.com/function-bind/1.1.1:
    resolution: {integrity: sha512-yIovAzMX49sF8Yl58fSCWJ5svSLuaibPxXQJFLmBObTuCr0Mf1KiPopGM9NiFjiYBCbfaa2Fh6breQ6ANVTI0A==, registry: https://packages.aliyun.com/5fbf0736feb86b450c199a0f/npm/npm-registry/, tarball: https://registry.npmmirror.com/function-bind/-/function-bind-1.1.1.tgz}
    name: function-bind
    version: 1.1.1
    dev: true

  registry.npmmirror.com/has/1.0.3:
    resolution: {integrity: sha512-f2dvO0VU6Oej7RkWJGrehjbzMAjFp5/VKPp5tTpWIV4JHHZK1/BxbFRtf/siA2SWTe09caDmVtYYzWEIbBS4zw==, registry: https://packages.aliyun.com/5fbf0736feb86b450c199a0f/npm/npm-registry/, tarball: https://registry.npmmirror.com/has/-/has-1.0.3.tgz}
    name: has
    version: 1.0.3
    engines: {node: '>= 0.4.0'}
    dependencies:
      function-bind: registry.npmmirror.com/function-bind/1.1.1
    dev: true

  registry.npmmirror.com/is-core-module/2.9.0:
    resolution: {integrity: sha512-+5FPy5PnwmO3lvfMb0AsoPaBG+5KHUI0wYFXOtYPnVVVspTFUuMZNfNaNVRt3FZadstu2c8x23vykRW/NBoU6A==, registry: https://packages.aliyun.com/5fbf0736feb86b450c199a0f/npm/npm-registry/, tarball: https://registry.npmmirror.com/is-core-module/-/is-core-module-2.9.0.tgz}
    name: is-core-module
    version: 2.9.0
    dependencies:
      has: registry.npmmirror.com/has/1.0.3
    dev: true

  registry.npmmirror.com/magic-string/0.25.9:
    resolution: {integrity: sha512-RmF0AsMzgt25qzqqLc1+MbHmhdx0ojF2Fvs4XnOqz2ZOBXzzkEwc/dJQZCYHAn7v1jbVOjAZfK8msRn4BxO4VQ==, registry: https://packages.aliyun.com/5fbf0736feb86b450c199a0f/npm/npm-registry/, tarball: https://registry.npmmirror.com/magic-string/-/magic-string-0.25.9.tgz}
    name: magic-string
    version: 0.25.9
    dependencies:
      sourcemap-codec: registry.npmmirror.com/sourcemap-codec/1.4.8
    dev: true

  registry.npmmirror.com/nanoid/3.3.4:
    resolution: {integrity: sha512-MqBkQh/OHTS2egovRtLk45wEyNXwF+cokD+1YPf9u5VfJiRdAiRwB2froX5Co9Rh20xs4siNPm8naNotSD6RBw==, registry: https://packages.aliyun.com/5fbf0736feb86b450c199a0f/npm/npm-registry/, tarball: https://registry.npmmirror.com/nanoid/-/nanoid-3.3.4.tgz}
    name: nanoid
    version: 3.3.4
    engines: {node: ^10 || ^12 || ^13.7 || ^14 || >=15.0.1}
    hasBin: true
    dev: true

  registry.npmmirror.com/path-parse/1.0.7:
    resolution: {integrity: sha512-LDJzPVEEEPR+y48z93A0Ed0yXb8pAByGWo/k5YYdYgpY2/2EsOsksJrq7lOHxryrVOn1ejG6oAp8ahvOIQD8sw==, registry: https://packages.aliyun.com/5fbf0736feb86b450c199a0f/npm/npm-registry/, tarball: https://registry.npmmirror.com/path-parse/-/path-parse-1.0.7.tgz}
    name: path-parse
    version: 1.0.7
    dev: true

  registry.npmmirror.com/picocolors/1.0.0:
    resolution: {integrity: sha512-1fygroTLlHu66zi26VoTDv8yRgm0Fccecssto+MhsZ0D/DGW2sm8E8AjW7NU5VVTRt5GxbeZ5qBuJr+HyLYkjQ==, registry: https://packages.aliyun.com/5fbf0736feb86b450c199a0f/npm/npm-registry/, tarball: https://registry.npmmirror.com/picocolors/-/picocolors-1.0.0.tgz}
    name: picocolors
    version: 1.0.0
    dev: true

  registry.npmmirror.com/postcss/8.4.14:
    resolution: {integrity: sha512-E398TUmfAYFPBSdzgeieK2Y1+1cpdxJx8yXbK/m57nRhKSmk1GB2tO4lbLBtlkfPQTDKfe4Xqv1ASWPpayPEig==, registry: https://packages.aliyun.com/5fbf0736feb86b450c199a0f/npm/npm-registry/, tarball: https://registry.npmmirror.com/postcss/-/postcss-8.4.14.tgz}
    name: postcss
    version: 8.4.14
    engines: {node: ^10 || ^12 || >=14}
    dependencies:
      nanoid: registry.npmmirror.com/nanoid/3.3.4
      picocolors: registry.npmmirror.com/picocolors/1.0.0
      source-map-js: registry.npmmirror.com/source-map-js/1.0.2
    dev: true

  registry.npmmirror.com/preact/10.7.2:
    resolution: {integrity: sha512-GLjn0I3r6ka+NvxJUppsVFqb4V0qDTEHT/QxHlidPuClGaxF/4AI2Qti4a0cv3XMh5n1+D3hLScW10LRIm5msQ==, registry: https://packages.aliyun.com/5fbf0736feb86b450c199a0f/npm/npm-registry/, tarball: https://registry.npmmirror.com/preact/-/preact-10.7.2.tgz}
    name: preact
    version: 10.7.2
    dev: true

  registry.npmmirror.com/prismjs/1.28.0:
    resolution: {integrity: sha512-8aaXdYvl1F7iC7Xm1spqSaY/OJBpYW3v+KJ+F17iYxvdc8sfjW194COK5wVhMZX45tGteiBQgdvD/nhxcRwylw==, registry: https://packages.aliyun.com/5fbf0736feb86b450c199a0f/npm/npm-registry/, tarball: https://registry.npmmirror.com/prismjs/-/prismjs-1.28.0.tgz}
    name: prismjs
    version: 1.28.0
    engines: {node: '>=6'}
    dev: true

  registry.npmmirror.com/resolve/1.22.0:
    resolution: {integrity: sha512-Hhtrw0nLeSrFQ7phPp4OOcVjLPIeMnRlr5mcnVuMe7M/7eBn98A3hmFRLoFo3DLZkivSYwhRUJTyPyWAk56WLw==, registry: https://packages.aliyun.com/5fbf0736feb86b450c199a0f/npm/npm-registry/, tarball: https://registry.npmmirror.com/resolve/-/resolve-1.22.0.tgz}
    name: resolve
    version: 1.22.0
    hasBin: true
    dependencies:
      is-core-module: registry.npmmirror.com/is-core-module/2.9.0
      path-parse: registry.npmmirror.com/path-parse/1.0.7
      supports-preserve-symlinks-flag: registry.npmmirror.com/supports-preserve-symlinks-flag/1.0.0
    dev: true

  registry.npmmirror.com/rollup/2.75.0:
    resolution: {integrity: sha512-1/wxtweHJ7YwI2AIK3ZgCBU3nbW8sLnBIFwN46cwOTnVzt8f1o6J8zPKjwoiuADvzSjmnLqJce31p0q2vQ+dqw==, registry: https://packages.aliyun.com/5fbf0736feb86b450c199a0f/npm/npm-registry/, tarball: https://registry.npmmirror.com/rollup/-/rollup-2.75.0.tgz}
    name: rollup
    version: 2.75.0
    engines: {node: '>=10.0.0'}
    hasBin: true
    optionalDependencies:
      fsevents: registry.npmmirror.com/fsevents/2.3.2
    dev: true

  registry.npmmirror.com/source-map-js/1.0.2:
    resolution: {integrity: sha512-R0XvVJ9WusLiqTCEiGCmICCMplcCkIwwR11mOSD9CR5u+IXYdiseeEuXCVAjS54zqwkLcPNnmU4OeJ6tUrWhDw==, registry: https://packages.aliyun.com/5fbf0736feb86b450c199a0f/npm/npm-registry/, tarball: https://registry.npmmirror.com/source-map-js/-/source-map-js-1.0.2.tgz}
    name: source-map-js
    version: 1.0.2
    engines: {node: '>=0.10.0'}
    dev: true

  registry.npmmirror.com/source-map/0.6.1:
    resolution: {integrity: sha512-UjgapumWlbMhkBgzT7Ykc5YXUT46F0iKu8SGXq0bcwP5dz/h0Plj6enJqjz1Zbq2l5WaqYnrVbwWOWMyF3F47g==, registry: https://packages.aliyun.com/5fbf0736feb86b450c199a0f/npm/npm-registry/, tarball: https://registry.npmmirror.com/source-map/-/source-map-0.6.1.tgz}
    name: source-map
    version: 0.6.1
    engines: {node: '>=0.10.0'}
    dev: true

  registry.npmmirror.com/sourcemap-codec/1.4.8:
    resolution: {integrity: sha512-9NykojV5Uih4lgo5So5dtw+f0JgJX30KCNI8gwhz2J9A15wD0Ml6tjHKwf6fTSa6fAdVBdZeNOs9eJ71qCk8vA==, registry: https://packages.aliyun.com/5fbf0736feb86b450c199a0f/npm/npm-registry/, tarball: https://registry.npmmirror.com/sourcemap-codec/-/sourcemap-codec-1.4.8.tgz}
    name: sourcemap-codec
    version: 1.4.8
    dev: true

  registry.npmmirror.com/supports-preserve-symlinks-flag/1.0.0:
    resolution: {integrity: sha512-ot0WnXS9fgdkgIcePe6RHNk1WA8+muPa6cSjeR3V8K27q9BB1rTE3R1p7Hv0z1ZyAc8s6Vvv8DIyWf681MAt0w==, registry: https://packages.aliyun.com/5fbf0736feb86b450c199a0f/npm/npm-registry/, tarball: https://registry.npmmirror.com/supports-preserve-symlinks-flag/-/supports-preserve-symlinks-flag-1.0.0.tgz}
    name: supports-preserve-symlinks-flag
    version: 1.0.0
    engines: {node: '>= 0.4'}
    dev: true

  registry.npmmirror.com/to-fast-properties/2.0.0:
    resolution: {integrity: sha512-/OaKK0xYrs3DmxRYqL/yDc+FxFUVYhDlXMhRmv3z915w2HF1tnN1omB354j8VUGO/hbRzyD6Y3sA7v7GS/ceog==, registry: https://packages.aliyun.com/5fbf0736feb86b450c199a0f/npm/npm-registry/, tarball: https://registry.npmmirror.com/to-fast-properties/-/to-fast-properties-2.0.0.tgz}
    name: to-fast-properties
    version: 2.0.0
    engines: {node: '>=4'}
    dev: true

  registry.npmmirror.com/vite/2.9.9:
    resolution: {integrity: sha512-ffaam+NgHfbEmfw/Vuh6BHKKlI/XIAhxE5QSS7gFLIngxg171mg1P3a4LSRME0z2ZU1ScxoKzphkipcYwSD5Ew==, registry: https://packages.aliyun.com/5fbf0736feb86b450c199a0f/npm/npm-registry/, tarball: https://registry.npmmirror.com/vite/-/vite-2.9.9.tgz}
    name: vite
    version: 2.9.9
    engines: {node: '>=12.2.0'}
    hasBin: true
    dependencies:
      esbuild: registry.npmmirror.com/esbuild/0.14.41
      postcss: registry.npmmirror.com/postcss/8.4.14
      resolve: registry.npmmirror.com/resolve/1.22.0
      rollup: registry.npmmirror.com/rollup/2.75.0
    optionalDependencies:
      fsevents: registry.npmmirror.com/fsevents/2.3.2
    dev: true

  registry.npmmirror.com/vitepress/0.22.4:
    resolution: {integrity: sha512-oZUnLO/SpYdThaBKefDeOiVlr0Rie4Ppx3FzMnMyLtJnI5GlBMNjqYqMy/4+umm/iC+ZDJfI+IlDKxv5fZnYzA==, registry: https://packages.aliyun.com/5fbf0736feb86b450c199a0f/npm/npm-registry/, tarball: https://registry.npmmirror.com/vitepress/-/vitepress-0.22.4.tgz}
    name: vitepress
    version: 0.22.4
    engines: {node: '>=14.0.0'}
    hasBin: true
    dependencies:
      '@docsearch/css': registry.npmmirror.com/@docsearch/css/3.1.0
      '@docsearch/js': registry.npmmirror.com/@docsearch/js/3.1.0
      '@vitejs/plugin-vue': registry.npmmirror.com/@vitejs/plugin-vue/2.3.3
      prismjs: registry.npmmirror.com/prismjs/1.28.0
      vite: registry.npmmirror.com/vite/2.9.9
      vue: registry.npmmirror.com/vue/3.2.36
    dev: true

  registry.npmmirror.com/vue/3.2.36:
    resolution: {integrity: sha512-5yTXmrE6gW8IQgttzHW5bfBiFA6mx35ZXHjGLDmKYzW6MMmYvCwuKybANRepwkMYeXw2v1buGg3/lPICY5YlZw==, registry: https://packages.aliyun.com/5fbf0736feb86b450c199a0f/npm/npm-registry/, tarball: https://registry.npmmirror.com/vue/-/vue-3.2.36.tgz}
    name: vue
    version: 3.2.36
    dependencies:
      '@vue/compiler-dom': registry.npmmirror.com/@vue/compiler-dom/3.2.36
      '@vue/compiler-sfc': registry.npmmirror.com/@vue/compiler-sfc/3.2.36
      '@vue/runtime-dom': registry.npmmirror.com/@vue/runtime-dom/3.2.36
      '@vue/server-renderer': registry.npmmirror.com/@vue/server-renderer/3.2.36
      '@vue/shared': registry.npmmirror.com/@vue/shared/3.2.36
    dev: true
